// !$*UTF8*$!
{
	archiveVersion = 1;
	classes = {
	};
	objectVersion = 46;
	objects = {
		6812DBF97638FDFEEC83450A = {
			isa = PBXBuildFile;
			fileRef = 463DBFFF1FE0969FD62C5BC6;
		};
		C15204BA6BCD1A2BCF4F69E8 = {
			isa = PBXBuildFile;
			fileRef = DB731106C7A3C203944ABCBD;
		};
		E16CED5966490D11437497DC = {
			isa = PBXBuildFile;
			fileRef = 6234B1725E8E683C88C09F26;
		};
		ADCD44EEFA9A5977A0FAA294 = {
			isa = PBXBuildFile;
			fileRef = 01C5B885B95118BEAFC661D9;
		};
		D41BE4EEFCCB91E109812CDF = {
			isa = PBXBuildFile;
			fileRef = D46C966CD1E7367544EC2864;
		};
		426B1547F363BEBFE2C537C6 = {
			isa = PBXBuildFile;
			fileRef = 8951B2E8BA2387C5D5990FEF;
		};
		9AD152F5F01B4022D53DF595 = {
			isa = PBXBuildFile;
			fileRef = BF02A7B396C37F1305D30814;
		};
		88256C3B7FAEDDAED41F38EB = {
			isa = PBXBuildFile;
			fileRef = 6B8DA1B1D1D295FADAFD6255;
		};
		736A806297A09429EACAE753 = {
			isa = PBXBuildFile;
			fileRef = D608ADD6FC04F7C0541D670C;
		};
		34E11E4415181EDB5ABCDEEC = {
			isa = PBXBuildFile;
			fileRef = 303FD3750D64077EEC01F0A0;
		};
		BD9DE93FBBD3C69D897D42A4 = {
			isa = PBXBuildFile;
			fileRef = 8CCCBB73A8FCB015F8022D22;
		};
		E24EA7B461106590BF201714 = {
			isa = PBXBuildFile;
			fileRef = 0B0BEFC8EA5E8A9C7AFEB527;
		};
		E459922B389A8F256FA75811 = {
			isa = PBXBuildFile;
			fileRef = 3DAB01921D63511426510FB4;
		};
		FC626D79A4E034A620BCCADE = {
			isa = PBXBuildFile;
			fileRef = 1740EEE874D31EB3AEFE62E8;
		};
		7B078CD1AAEEFAD42B828534 = {
			isa = PBXBuildFile;
			fileRef = 7C2CE6E72521E026F595EE04;
		};
		D61761391785C9AA9365798D = {
			isa = PBXBuildFile;
			fileRef = DEFF40BE76D2840D7BC735CE;
		};
		31AE5FBEDD641F92FFDF3C9B = {
			isa = PBXBuildFile;
			fileRef = 59B434AB9F502A9B005EF393;
		};
		650B03D93318ACC276701C34 = {
			isa = PBXBuildFile;
			fileRef = 91CF6FD5BF93A7446CEC3E23;
		};
		A71DB4F6EE5D917B04EFC238 = {
			isa = PBXBuildFile;
			fileRef = 105ABD0028F56694BC94450A;
		};
		A853D9F9CD41D09F5F5BB926 = {
			isa = PBXBuildFile;
			fileRef = 32BA4545DE2CA47BB3FCF0D7;
		};
		EF29CE110EE8147D4544E7E5 = {
			isa = PBXBuildFile;
			fileRef = D862948E17D52B3842AC8F91;
		};
		B148714CD53BB911FC9D7980 = {
			isa = PBXBuildFile;
			fileRef = B9C0C9CB46195708688AA84D;
		};
		B4B2B171C54FFD35104D26CB = {
			isa = PBXBuildFile;
			fileRef = 354ACE04D1F7BDDA7EF9CE63;
		};
		82A957389C535D8E35CA9F91 = {
			isa = PBXBuildFile;
			fileRef = F817BAD9698BFF92DD7064BD;
		};
		CA7AB2AE85A82F06E5A0E150 = {
			isa = PBXBuildFile;
			fileRef = EADE48800EDE917F92B294C1;
		};
		9423BA0C785B7E4A1C677984 = {
			isa = PBXBuildFile;
			fileRef = 9F064E954D801E2AFB776256;
		};
		14166D531653B76A12F6B9EF = {
			isa = PBXBuildFile;
			fileRef = BE9522B415D5F98CAB91DD46;
		};
		F2FF86D9B541D58B20883138 = {
			isa = PBXBuildFile;
			fileRef = E6CFB24F9FE50BFBE62EBDED;
		};
		F5FB62BF86C3A77ED7F9CF46 = {
			isa = PBXBuildFile;
			fileRef = C50BD0B7C2B3CA98B98622F2;
		};
		7BA5730D84E00662D0DD8814 = {
			isa = PBXBuildFile;
			fileRef = EDB8F7B2B9AA272EB367E8EE;
		};
		710999E353E6C998CC576C49 = {
			isa = PBXBuildFile;
			fileRef = 91BF8862DABDD394ED111B86;
		};
		DFAEF4D5EC6BA57ACFB5B24F = {
			isa = PBXBuildFile;
			fileRef = 35983DDB82DE1D8049853409;
		};
		5C1711FC727DCB0F248E2D8A = {
			isa = PBXBuildFile;
			fileRef = CAA150675FFD7E231F75EFDD;
		};
		F73FDFC463D26C1A00D820FC = {
			isa = PBXBuildFile;
			fileRef = 32811931F61AD90C19575E00;
		};
		7EE12758D8782B402E39F66A = {
			isa = PBXBuildFile;
			fileRef = 42ED1AEB5E41AAF2D7059933;
		};
		E2F0D9657EC243C1DF808991 = {
			isa = PBXBuildFile;
			fileRef = 502CA6D766997116DAAC226F;
		};
		73DAC9D72E2231B4BEBA9E19 = {
			isa = PBXBuildFile;
			fileRef = 7434FE295314F50AEE4B4490;
		};
		1312CF22421D700A559ECB62 = {
			isa = PBXBuildFile;
			fileRef = D9AEDD103334DB4CFE97C74C;
		};
		B6104FABD8A3D62572BCF4B8 = {
			isa = PBXBuildFile;
			fileRef = BE979180F3FA3DA5752479FC;
		};
		11CCD4A773A715669216B586 = {
			isa = PBXBuildFile;
			fileRef = B1BAF74F6BC2838F439C88F3;
		};
		EB3DC21A6127C4AFDD0C13A7 = {
			isa = PBXBuildFile;
			fileRef = A6F4A9C668C295A09770060B;
		};
		87011E00976DCE0DE75C4A66 = {
			isa = PBXBuildFile;
			fileRef = 19E052BECBFFF25254693429;
		};
		6B4128E55EA71F6A0F639C00 = {
			isa = PBXBuildFile;
			fileRef = 8004A4C50FE38EEC6467ADB0;
		};
		5057F785848E8062EB8221DD = {
			isa = PBXBuildFile;
			fileRef = 1C83072D9B05210D09A61657;
		};
		083A9DC3E89293D28E0785E6 = {
			isa = PBXBuildFile;
			fileRef = 51BE02C0E428DF4C32109016;
		};
		B5D007209D751CEBCD05C3F9 = {
			isa = PBXBuildFile;
			fileRef = E561380D77A7256DEAE6E94A;
		};
		537EF71706850B97DD51FAF8 = {
			isa = PBXBuildFile;
			fileRef = 15F36BAF43E01E40E451E338;
		};
		9A6A8BCA67CB8AC9293B5AD1 = {
			isa = PBXBuildFile;
			fileRef = 3EAE597149DF4B14790708FB;
		};
		3D724366D1887AFA6A6AD372 = {
			isa = PBXBuildFile;
			fileRef = 6EAEA31150DBF19D719C5985;
		};
		C87478A6374D31259E17B744 = {
			isa = PBXBuildFile;
			fileRef = 34F4DC22C62BBE30FF3250E6;
		};
		1A4352381A56AC89014141B4 = {
			isa = PBXBuildFile;
			fileRef = 77FA1C5E12B264CF311FD820;
		};
		F997BFA534BAD1F19BDA9EE2 = {
			isa = PBXBuildFile;
			fileRef = AA48D1FBA6AC31A36F9BB55D;
		};
		97B5EC84144DFC362F95033F = {
			isa = PBXBuildFile;
			fileRef = 8B0FE1B94AB00EBF5F98F85E;
		};
		824979A945345AD61A909B28 = {
			isa = PBXBuildFile;
			fileRef = CC7047A618751A35E2E9E476;
		};
		C405067BF0D5C4D1D21C5F7A = {
			isa = PBXBuildFile;
			fileRef = E36D49ED8AF5FE3FE75B959D;
		};
		A1207987E6FBA29F6365DCE9 = {
			isa = PBXBuildFile;
			fileRef = D5A493B320C91EE9EF297D3F;
		};
		13CD154CE6543FAC7F507B9F = {
			isa = PBXBuildFile;
			fileRef = 0A70EBCA69367FB304E28040;
		};
		6F981993E0B3FD01ED447C15 = {
			isa = PBXBuildFile;
			fileRef = B232EAB552E8C795AD6BE936;
		};
		877C90737D1B84AE03923353 = {
			isa = PBXBuildFile;
			fileRef = B02BAECC24D59DE3A67372FD;
		};
		712F5614A34746390BA83EF7 = {
			isa = PBXBuildFile;
			fileRef = 96686514775C56ABF5E9BC0F;
		};
		977CC543873D9CC0676DD5F4 = {
			isa = PBXBuildFile;
			fileRef = 19A4AAD73DB2F851C167487F;
		};
		11786A6E8A251AEACE184DFF = {
			isa = PBXBuildFile;
			fileRef = 8D15BB967B314116BF7E15AD;
		};
		5BBBEEEE8FAC828BEAA137DF = {
			isa = PBXBuildFile;
			fileRef = 0196462D74D4884FA5EFEF4D;
		};
		017F4393B91BEF66FBAB2795 = {
			isa = PBXFileReference;
			lastKnownFileType = image.png;
			name = "042-microphone.png";
			path = "../../Icons/042-microphone.png";
			sourceTree = "SOURCE_ROOT";
		};
		0196462D74D4884FA5EFEF4D = {
			isa = PBXFileReference;
			lastKnownFileType = sourcecode.cpp.cpp;
			name = "include_tracktion_engine_utils.cpp";
			path = "../../JuceLibraryCode/include_tracktion_engine_utils.cpp";
			sourceTree = "SOURCE_ROOT";
		};
		01C5B885B95118BEAFC661D9 = {
			isa = PBXFileReference;
			lastKnownFileType = wrapper.framework;
			name = AVFoundation.framework;
			path = System/Library/Frameworks/AVFoundation.framework;
			sourceTree = SDKROOT;
		};
		021A812BD0294C5B8F34ADC9 = {
			isa = PBXFileReference;
			lastKnownFileType = image.png;
			name = "032-next.png";
			path = "../../Icons/032-next.png";
			sourceTree = "SOURCE_ROOT";
		};
		0683BFD510E4C75CF1D8C94F = {
			isa = PBXFileReference;
			lastKnownFileType = image.png;
			name = "006-microphone-4.png";
			path = "../../Icons/006-microphone-4.png";
			sourceTree = "SOURCE_ROOT";
		};
		0742AAA8454EE2C1DDC41E62 = {
			isa = PBXFileReference;
			lastKnownFileType = image.png;
			name = "004-volume-2.png";
			path = "../../Icons/004-volume-2.png";
			sourceTree = "SOURCE_ROOT";
		};
		0A70EBCA69367FB304E28040 = {
			isa = PBXFileReference;
			lastKnownFileType = sourcecode.cpp.cpp;
			name = "include_tracktion_engine_audio_files.cpp";
			path = "../../JuceLibraryCode/include_tracktion_engine_audio_files.cpp";
			sourceTree = "SOURCE_ROOT";
		};
		0AAC29831B45B4FDBCF840E4 = {
			isa = PBXFileReference;
			lastKnownFileType = image.png;
			name = "009-trumpet.png";
			path = "../../Icons/009-trumpet.png";
			sourceTree = "SOURCE_ROOT";
		};
		0B0BEFC8EA5E8A9C7AFEB527 = {
			isa = PBXFileReference;
			lastKnownFileType = wrapper.framework;
			name = MobileCoreServices.framework;
			path = System/Library/Frameworks/MobileCoreServices.framework;
			sourceTree = SDKROOT;
		};
		0DB0C69F395E2C6E7A0E19EC = {
			isa = PBXFileReference;
			lastKnownFileType = image.png;
			name = "078-earphones-2.png";
			path = "../../Icons/078-earphones-2.png";
			sourceTree = "SOURCE_ROOT";
		};
		0FED1A392BC6002732569213 = {
			isa = PBXFileReference;
			lastKnownFileType = image.png;
			name = "068-earphones-4.png";
			path = "../../Icons/068-earphones-4.png";
			sourceTree = "SOURCE_ROOT";
		};
		105ABD0028F56694BC94450A = {
			isa = PBXFileReference;
			lastKnownFileType = sourcecode.cpp.cpp;
			name = CommandManager.cpp;
			path = ../../Source/Main/CommandManager.cpp;
			sourceTree = "SOURCE_ROOT";
		};
		11284BEA5FBD562BC9DE0B0B = {
			isa = PBXFileReference;
			lastKnownFileType = image.png;
			name = "027-previous.png";
			path = "../../Icons/027-previous.png";
			sourceTree = "SOURCE_ROOT";
		};
		1239FCD687A01E60F5E62E79 = {
			isa = PBXFileReference;
			lastKnownFileType = file;
			name = "juce_gui_basics";
			path = "../../SDKs/JUCE/modules/juce_gui_basics";
			sourceTree = "SOURCE_ROOT";
		};
		12825060FB038FECB9F6922E = {
			isa = PBXFileReference;
			lastKnownFileType = image.png;
			name = "012-tambourine.png";
			path = "../../Icons/012-tambourine.png";
			sourceTree = "SOURCE_ROOT";
		};
		15F36BAF43E01E40E451E338 = {
			isa = PBXFileReference;
			lastKnownFileType = sourcecode.cpp.objcpp;
			name = "include_juce_audio_utils.mm";
			path = "../../JuceLibraryCode/include_juce_audio_utils.mm";
			sourceTree = "SOURCE_ROOT";
		};
		1668E810FE35CECCFC34CB11 = {
			isa = PBXFileReference;
			lastKnownFileType = image.png;
			name = "037-equalizer-1.png";
			path = "../../Icons/037-equalizer-1.png";
			sourceTree = "SOURCE_ROOT";
		};
		1740EEE874D31EB3AEFE62E8 = {
			isa = PBXFileReference;
			lastKnownFileType = wrapper.framework;
			name = UIKit.framework;
			path = System/Library/Frameworks/UIKit.framework;
			sourceTree = SDKROOT;
		};
		19A4AAD73DB2F851C167487F = {
			isa = PBXFileReference;
			lastKnownFileType = sourcecode.cpp.cpp;
			name = "include_tracktion_engine_plugins.cpp";
			path = "../../JuceLibraryCode/include_tracktion_engine_plugins.cpp";
			sourceTree = "SOURCE_ROOT";
		};
		19E052BECBFFF25254693429 = {
			isa = PBXFileReference;
			lastKnownFileType = sourcecode.cpp.cpp;
			name = "include_juce_analytics.cpp";
			path = "../../JuceLibraryCode/include_juce_analytics.cpp";
			sourceTree = "SOURCE_ROOT";
		};
		19F44B031DA73D8B8507F6D1 = {
			isa = PBXFileReference;
			lastKnownFileType = image.png;
			name = "022-microphone-2.png";
			path = "../../Icons/022-microphone-2.png";
			sourceTree = "SOURCE_ROOT";
		};
		1A05B25EB124249E1088DB3E = {
			isa = PBXFileReference;
			lastKnownFileType = file;
			name = "juce_core";
			path = "../../SDKs/JUCE/modules/juce_core";
			sourceTree = "SOURCE_ROOT";
		};
		1A9D5B60530940041115BD4E = {
			isa = PBXFileReference;
			lastKnownFileType = image.png;
			name = "049-guitar.png";
			path = "../../Icons/049-guitar.png";
			sourceTree = "SOURCE_ROOT";
		};
		1B25C9076B17823F22F219FE = {
			isa = PBXFileReference;
			lastKnownFileType = image.png;
			name = "058-drum.png";
			path = "../../Icons/058-drum.png";
			sourceTree = "SOURCE_ROOT";
		};
		1C83072D9B05210D09A61657 = {
			isa = PBXFileReference;
			lastKnownFileType = sourcecode.cpp.objcpp;
			name = "include_juce_audio_devices.mm";
			path = "../../JuceLibraryCode/include_juce_audio_devices.mm";
			sourceTree = "SOURCE_ROOT";
		};
		1C8A94A7D4937ECC541E6BE8 = {
			isa = PBXFileReference;
			lastKnownFileType = image.png;
			name = "062-compact-disc-1.png";
			path = "../../Icons/062-compact-disc-1.png";
			sourceTree = "SOURCE_ROOT";
		};
		1C97DBB5CB7516768A2E9706 = {
			isa = PBXFileReference;
			lastKnownFileType = image.png;
			name = "021-microphone-3.png";
			path = "../../Icons/021-microphone-3.png";
			sourceTree = "SOURCE_ROOT";
		};
		1DC33846CD10BC86A776B29E = {
			isa = PBXFileReference;
			lastKnownFileType = image.png;
			name = "065-compact-disc.png";
			path = "../../Icons/065-compact-disc.png";
			sourceTree = "SOURCE_ROOT";
		};
		1ED6F839490EC31E413EC45A = {
			isa = PBXFileReference;
			lastKnownFileType = image.png;
			name = "051-fast-forward.png";
			path = "../../Icons/051-fast-forward.png";
			sourceTree = "SOURCE_ROOT";
		};
		225D654866921CCF7FB7171E = {
			isa = PBXFileReference;
			lastKnownFileType = image.png;
			name = "066-cassette.png";
			path = "../../Icons/066-cassette.png";
			sourceTree = "SOURCE_ROOT";
		};
		22BB74C8928340C1A6379B3A = {
			isa = PBXFileReference;
			lastKnownFileType = sourcecode.c.h;
			name = MetronomeComponent.h;
			path = ../../Source/Audio/MetronomeComponent.h;
			sourceTree = "SOURCE_ROOT";
		};
		2364728D1F1151C6AC62722E = {
			isa = PBXFileReference;
			lastKnownFileType = sourcecode.c.h;
			name = UiHelpers.h;
			path = ../../Source/UI/UiHelpers.h;
			sourceTree = "SOURCE_ROOT";
		};
		24E496B6C363EBB849F32C5D = {
			isa = PBXFileReference;
			lastKnownFileType = sourcecode.c.h;
			name = AudioDeviceManagerTool.h;
			path = ../../Source/UI/AudioDeviceManagerTool.h;
			sourceTree = "SOURCE_ROOT";
		};
		25FEB70082D7EB7A5C9F5315 = {
			isa = PBXFileReference;
			lastKnownFileType = sourcecode.c.h;
			name = TimelineComponent.h;
			path = ../../Source/UI/TimelineComponent.h;
			sourceTree = "SOURCE_ROOT";
		};
		26ED6C27E0DE87DA7D0BF6DC = {
			isa = PBXFileReference;
			lastKnownFileType = image.png;
			name = "014-speaker.png";
			path = "../../Icons/014-speaker.png";
			sourceTree = "SOURCE_ROOT";
		};
		2C3B2FECB05022FB39950D7E = {
			isa = PBXFileReference;
			lastKnownFileType = image.png;
			name = "040-album.png";
			path = "../../Icons/040-album.png";
			sourceTree = "SOURCE_ROOT";
		};
		2C641077717B19B8ADA7DFF3 = {
			isa = PBXFileReference;
			lastKnownFileType = image.png;
			name = "071-sound.png";
			path = "../../Icons/071-sound.png";
			sourceTree = "SOURCE_ROOT";
		};
		303FD3750D64077EEC01F0A0 = {
			isa = PBXFileReference;
			lastKnownFileType = wrapper.framework;
			name = CoreText.framework;
			path = System/Library/Frameworks/CoreText.framework;
			sourceTree = SDKROOT;
		};
		32811931F61AD90C19575E00 = {
			isa = PBXFileReference;
			lastKnownFileType = sourcecode.cpp.cpp;
			name = GridComponent.cpp;
			path = ../../Source/UI/GridComponent.cpp;
			sourceTree = "SOURCE_ROOT";
		};
		32BA4545DE2CA47BB3FCF0D7 = {
			isa = PBXFileReference;
			lastKnownFileType = sourcecode.cpp.cpp;
			name = Main.cpp;
			path = ../../Source/Main/Main.cpp;
			sourceTree = "SOURCE_ROOT";
		};
		34F4DC22C62BBE30FF3250E6 = {
			isa = PBXFileReference;
			lastKnownFileType = sourcecode.cpp.objcpp;
			name = "include_juce_dsp.mm";
			path = "../../JuceLibraryCode/include_juce_dsp.mm";
			sourceTree = "SOURCE_ROOT";
		};
		354ACE04D1F7BDDA7EF9CE63 = {
			isa = PBXFileReference;
			lastKnownFileType = sourcecode.cpp.cpp;
			name = UIEngine.cpp;
			path = ../../Source/UI/UIEngine.cpp;
			sourceTree = "SOURCE_ROOT";
		};
		35983DDB82DE1D8049853409 = {
			isa = PBXFileReference;
			lastKnownFileType = sourcecode.cpp.cpp;
			name = ChannelComponent.cpp;
			path = ../../Source/UI/ChannelComponent.cpp;
			sourceTree = "SOURCE_ROOT";
		};
		38E543415C6872055F00BD6E = {
			isa = PBXFileReference;
			lastKnownFileType = sourcecode.c.h;
			name = MenuComponent.h;
			path = ../../Source/UI/Menu/MenuComponent.h;
			sourceTree = "SOURCE_ROOT";
		};
		396E994B7D14E6F1220F8F8A = {
			isa = PBXFileReference;
			lastKnownFileType = image.png;
			name = "076-jack-connector.png";
			path = "../../Icons/076-jack-connector.png";
			sourceTree = "SOURCE_ROOT";
		};
		3A708A687744A6201DABF779 = {
			isa = PBXFileReference;
			lastKnownFileType = image.png;
			name = "039-compact-disc-2.png";
			path = "../../Icons/039-compact-disc-2.png";
			sourceTree = "SOURCE_ROOT";
		};
		3DAB01921D63511426510FB4 = {
			isa = PBXFileReference;
			lastKnownFileType = wrapper.framework;
			name = QuartzCore.framework;
			path = System/Library/Frameworks/QuartzCore.framework;
			sourceTree = SDKROOT;
		};
		3EAE597149DF4B14790708FB = {
			isa = PBXFileReference;
			lastKnownFileType = sourcecode.cpp.objcpp;
			name = "include_juce_core.mm";
			path = "../../JuceLibraryCode/include_juce_core.mm";
			sourceTree = "SOURCE_ROOT";
		};
		42A64133A627F7ECF59E97B3 = {
			isa = PBXFileReference;
			lastKnownFileType = sourcecode.c.h;
			name = CommandManager.h;
			path = ../../Source/Main/CommandManager.h;
			sourceTree = "SOURCE_ROOT";
		};
		42ED1AEB5E41AAF2D7059933 = {
			isa = PBXFileReference;
			lastKnownFileType = sourcecode.cpp.cpp;
			name = TreeComponent.cpp;
			path = ../../Source/UI/TreeComponent.cpp;
			sourceTree = "SOURCE_ROOT";
		};
		456341B678CC0DC8AB360180 = {
			isa = PBXFileReference;
			lastKnownFileType = file;
			name = "juce_audio_devices";
			path = "../../JuceLibraryCode/modules/juce_audio_devices";
			sourceTree = "SOURCE_ROOT";
		};
		463DBFFF1FE0969FD62C5BC6 = {
			isa = PBXFileReference;
			explicitFileType = wrapper.application;
			includeInIndex = 0;
			path = "Final Project.app";
			sourceTree = "BUILT_PRODUCTS_DIR";
		};
		49471744AA7CA005420CE90A = {
			isa = PBXFileReference;
			lastKnownFileType = image.png;
			name = "080-earphones.png";
			path = "../../Icons/080-earphones.png";
			sourceTree = "SOURCE_ROOT";
		};
		4B09B7E111E25B8CBF72892F = {
			isa = PBXFileReference;
			lastKnownFileType = image.png;
			name = "072-settings.png";
			path = "../../Icons/072-settings.png";
			sourceTree = "SOURCE_ROOT";
		};
		4BCCBA58FF7878BA3F907547 = {
			isa = PBXFileReference;
			lastKnownFileType = sourcecode.c.h;
			name = MetronomeGuiComponent.h;
			path = ../../Source/UI/MetronomeGuiComponent.h;
			sourceTree = "SOURCE_ROOT";
		};
		4E891D2496AB3F2F8F9187B8 = {
			isa = PBXFileReference;
			lastKnownFileType = image.png;
			name = "035-smartphone.png";
			path = "../../Icons/035-smartphone.png";
			sourceTree = "SOURCE_ROOT";
		};
		502CA6D766997116DAAC226F = {
			isa = PBXFileReference;
			lastKnownFileType = sourcecode.cpp.cpp;
			name = TimelineComponent.cpp;
			path = ../../Source/UI/TimelineComponent.cpp;
			sourceTree = "SOURCE_ROOT";
		};
		50E1147146C50873DD047972 = {
			isa = PBXFileReference;
			lastKnownFileType = image.png;
			name = "055-musical-note-1.png";
			path = "../../Icons/055-musical-note-1.png";
			sourceTree = "SOURCE_ROOT";
		};
		5188524FC0B022AC8C87ADC6 = {
			isa = PBXFileReference;
			lastKnownFileType = sourcecode.c.h;
			name = ChannelWindow.h;
			path = ../../Source/UI/ChannelWindow.h;
			sourceTree = "SOURCE_ROOT";
		};
		51BE02C0E428DF4C32109016 = {
			isa = PBXFileReference;
			lastKnownFileType = sourcecode.cpp.objcpp;
			name = "include_juce_audio_formats.mm";
			path = "../../JuceLibraryCode/include_juce_audio_formats.mm";
			sourceTree = "SOURCE_ROOT";
		};
		526757297C07D19E2CF95214 = {
			isa = PBXFileReference;
			lastKnownFileType = sourcecode.c.h;
			name = ChannelComponent.h;
			path = ../../Source/UI/ChannelComponent.h;
			sourceTree = "SOURCE_ROOT";
		};
		5314BAEF01A022DF46FE2754 = {
			isa = PBXFileReference;
			lastKnownFileType = sourcecode.c.h;
			name = AudioThumbnailWindow.h;
			path = ../../Source/UI/AudioThumbnailWindow.h;
			sourceTree = "SOURCE_ROOT";
		};
		5496592D1BD96256B3D969A3 = {
			isa = PBXFileReference;
			lastKnownFileType = image.png;
			name = "059-djembe.png";
			path = "../../Icons/059-djembe.png";
			sourceTree = "SOURCE_ROOT";
		};
		567F22C0F6B4A86C980BF6B2 = {
			isa = PBXFileReference;
			lastKnownFileType = image.png;
			name = "043-megaphone.png";
			path = "../../Icons/043-megaphone.png";
			sourceTree = "SOURCE_ROOT";
		};
		57894D2555BF051450CBBDBF = {
			isa = PBXFileReference;
			lastKnownFileType = image.png;
			name = "033-mute.png";
			path = "../../Icons/033-mute.png";
			sourceTree = "SOURCE_ROOT";
		};
		579413471F84033068C8D6B7 = {
			isa = PBXFileReference;
			lastKnownFileType = sourcecode.c.h;
			name = AppConfig.h;
			path = ../../JuceLibraryCode/AppConfig.h;
			sourceTree = "SOURCE_ROOT";
		};
		57975CAAD2F21F1D1A54B547 = {
			isa = PBXFileReference;
			lastKnownFileType = sourcecode.c.h;
			name = AudioEngine.h;
			path = ../../Source/Audio/AudioEngine.h;
			sourceTree = "SOURCE_ROOT";
		};
		58C2A6AC08F7BD753EDD701C = {
			isa = PBXFileReference;
			lastKnownFileType = image.png;
			name = "064-cd-player.png";
			path = "../../Icons/064-cd-player.png";
			sourceTree = "SOURCE_ROOT";
		};
		59B434AB9F502A9B005EF393 = {
			isa = PBXFileReference;
			lastKnownFileType = sourcecode.cpp.cpp;
			name = AudioEngine.cpp;
			path = ../../Source/Audio/AudioEngine.cpp;
			sourceTree = "SOURCE_ROOT";
		};
		5AAC7BFDFD34E20DCD5F5E62 = {
			isa = PBXFileReference;
			lastKnownFileType = sourcecode.c.h;
			name = BinaryData.h;
			path = ../../JuceLibraryCode/BinaryData.h;
			sourceTree = "SOURCE_ROOT";
		};
		5BC6658DFD6C407C547CF32E = {
			isa = PBXFileReference;
			lastKnownFileType = image.png;
			name = "047-volume-1.png";
			path = "../../Icons/047-volume-1.png";
			sourceTree = "SOURCE_ROOT";
		};
		6011AB3CE573029863477115 = {
			isa = PBXFileReference;
			lastKnownFileType = sourcecode.c.h;
			name = ToolbarComponent.h;
			path = ../../Source/UI/ToolbarComponent.h;
			sourceTree = "SOURCE_ROOT";
		};
		6234B1725E8E683C88C09F26 = {
			isa = PBXFileReference;
			lastKnownFileType = wrapper.framework;
			name = AudioToolbox.framework;
			path = System/Library/Frameworks/AudioToolbox.framework;
			sourceTree = SDKROOT;
		};
		638F1731C8E76A570762ED5C = {
			isa = PBXFileReference;
			lastKnownFileType = image.png;
			name = "031-pause.png";
			path = "../../Icons/031-pause.png";
			sourceTree = "SOURCE_ROOT";
		};
		6809B3B1C56DCC879464F55A = {
			isa = PBXFileReference;
			lastKnownFileType = sourcecode.c.h;
			name = PlayHeadComponent.h;
			path = ../../Source/UI/PlayHeadComponent.h;
			sourceTree = "SOURCE_ROOT";
		};
		6A71ED84E64E1E84EDD3F591 = {
			isa = PBXFileReference;
			lastKnownFileType = image.png;
			name = "030-phonograph.png";
			path = "../../Icons/030-phonograph.png";
			sourceTree = "SOURCE_ROOT";
		};
		6B8DA1B1D1D295FADAFD6255 = {
			isa = PBXFileReference;
			lastKnownFileType = wrapper.framework;
			name = CoreImage.framework;
			path = System/Library/Frameworks/CoreImage.framework;
			sourceTree = SDKROOT;
		};
		6E1675838CF606675F555D33 = {
			isa = PBXFileReference;
			lastKnownFileType = image.png;
			name = "020-rewind.png";
			path = "../../Icons/020-rewind.png";
			sourceTree = "SOURCE_ROOT";
		};
		6EAEA31150DBF19D719C5985 = {
			isa = PBXFileReference;
			lastKnownFileType = sourcecode.cpp.objcpp;
			name = "include_juce_data_structures.mm";
			path = "../../JuceLibraryCode/include_juce_data_structures.mm";
			sourceTree = "SOURCE_ROOT";
		};
		720C816084D5294D2F9D2897 = {
			isa = PBXFileReference;
			lastKnownFileType = image.png;
			name = "034-playlist.png";
			path = "../../Icons/034-playlist.png";
			sourceTree = "SOURCE_ROOT";
		};
		7434FE295314F50AEE4B4490 = {
			isa = PBXFileReference;
			lastKnownFileType = sourcecode.cpp.cpp;
			name = AudioSettings.cpp;
			path = ../../Source/UI/AudioSettings.cpp;
			sourceTree = "SOURCE_ROOT";
		};
		74A105318226AFE204EF79B8 = {
			isa = PBXFileReference;
			lastKnownFileType = file;
			name = "juce_audio_basics";
			path = "../../SDKs/JUCE/modules/juce_audio_basics";
			sourceTree = "SOURCE_ROOT";
		};
		74BD2AF2A465EAD40C5EE71E = {
			isa = PBXFileReference;
			lastKnownFileType = file;
			name = "juce_audio_processors";
			path = "../../SDKs/JUCE/modules/juce_audio_processors";
			sourceTree = "SOURCE_ROOT";
		};
		77FA1C5E12B264CF311FD820 = {
			isa = PBXFileReference;
			lastKnownFileType = sourcecode.cpp.objcpp;
			name = "include_juce_events.mm";
			path = "../../JuceLibraryCode/include_juce_events.mm";
			sourceTree = "SOURCE_ROOT";
		};
		784C82FD4924DFDA3AE436C8 = {
			isa = PBXFileReference;
			lastKnownFileType = file;
			name = "juce_audio_formats";
			path = "../../SDKs/JUCE/modules/juce_audio_formats";
			sourceTree = "SOURCE_ROOT";
		};
		78DFAE69AEE93C0792BAD5F6 = {
			isa = PBXFileReference;
			lastKnownFileType = image.png;
			name = "028-play.png";
			path = "../../Icons/028-play.png";
			sourceTree = "SOURCE_ROOT";
		};
		7B0EEFC39AC544D9A7AC9092 = {
			isa = PBXFileReference;
			lastKnownFileType = image.png;
			name = "041-microphone-1.png";
			path = "../../Icons/041-microphone-1.png";
			sourceTree = "SOURCE_ROOT";
		};
		7BDCDCB0D0035F221EBAD778 = {
			isa = PBXFileReference;
			lastKnownFileType = sourcecode.c.h;
			name = PlayButton.h;
			path = ../../Source/UI/PlayButton.h;
			sourceTree = "SOURCE_ROOT";
		};
		7BEF92E4358C365B48D1C113 = {
			isa = PBXFileReference;
			lastKnownFileType = image.png;
			name = "038-album-1.png";
			path = "../../Icons/038-album-1.png";
			sourceTree = "SOURCE_ROOT";
		};
		7C2CE6E72521E026F595EE04 = {
			isa = PBXFileReference;
			lastKnownFileType = folder.assetcatalog;
			name = Images.xcassets;
			path = "Final Project/Images.xcassets";
			sourceTree = "SOURCE_ROOT";
		};
		7E583FEEBEDBB9610625E696 = {
			isa = PBXFileReference;
			lastKnownFileType = sourcecode.c.h;
			name = LoadingDialog.h;
			path = ../../Source/UI/LoadingDialog.h;
			sourceTree = "SOURCE_ROOT";
		};
		7EC415271025851F622F42AC = {
			isa = PBXFileReference;
			lastKnownFileType = image.png;
			name = "079-earphones-1.png";
			path = "../../Icons/079-earphones-1.png";
			sourceTree = "SOURCE_ROOT";
		};
		8004A4C50FE38EEC6467ADB0 = {
			isa = PBXFileReference;
			lastKnownFileType = sourcecode.cpp.objcpp;
			name = "include_juce_audio_basics.mm";
			path = "../../JuceLibraryCode/include_juce_audio_basics.mm";
			sourceTree = "SOURCE_ROOT";
		};
		8400EBC03882617E41E4CADE = {
			isa = PBXFileReference;
			lastKnownFileType = file;
			name = "juce_data_structures";
			path = "../../SDKs/JUCE/modules/juce_data_structures";
			sourceTree = "SOURCE_ROOT";
		};
		8951B2E8BA2387C5D5990FEF = {
			isa = PBXFileReference;
			lastKnownFileType = wrapper.framework;
			name = CoreAudioKit.framework;
			path = System/Library/Frameworks/CoreAudioKit.framework;
			sourceTree = SDKROOT;
		};
		895CC0BCF246E85E3B158787 = {
			isa = PBXFileReference;
			lastKnownFileType = image.png;
			name = "050-amplifier.png";
			path = "../../Icons/050-amplifier.png";
			sourceTree = "SOURCE_ROOT";
		};
		8B0FE1B94AB00EBF5F98F85E = {
			isa = PBXFileReference;
			lastKnownFileType = sourcecode.cpp.objcpp;
			name = "include_juce_gui_basics.mm";
			path = "../../JuceLibraryCode/include_juce_gui_basics.mm";
			sourceTree = "SOURCE_ROOT";
		};
		8CBBDBB09F211EE5C72276C5 = {
			isa = PBXFileReference;
			lastKnownFileType = image.png;
			name = "025-musical-note-3.png";
			path = "../../Icons/025-musical-note-3.png";
			sourceTree = "SOURCE_ROOT";
		};
		8CCCBB73A8FCB015F8022D22 = {
			isa = PBXFileReference;
			lastKnownFileType = wrapper.framework;
			name = Foundation.framework;
			path = System/Library/Frameworks/Foundation.framework;
			sourceTree = SDKROOT;
		};
		8CDA72E8982442A8EB7C2561 = {
			isa = PBXFileReference;
			lastKnownFileType = image.png;
			name = "018-saxophone.png";
			path = "../../Icons/018-saxophone.png";
			sourceTree = "SOURCE_ROOT";
		};
		8D15BB967B314116BF7E15AD = {
			isa = PBXFileReference;
			lastKnownFileType = sourcecode.cpp.cpp;
			name = "include_tracktion_engine_timestretch.cpp";
			path = "../../JuceLibraryCode/include_tracktion_engine_timestretch.cpp";
			sourceTree = "SOURCE_ROOT";
		};
		8F521102B187EBBF6CF94D83 = {
			isa = PBXFileReference;
			lastKnownFileType = image.png;
			name = "001-xylophone.png";
			path = "../../Icons/001-xylophone.png";
			sourceTree = "SOURCE_ROOT";
		};
		91BF8862DABDD394ED111B86 = {
			isa = PBXFileReference;
			lastKnownFileType = sourcecode.cpp.cpp;
			name = AudioThumbnailComponent.cpp;
			path = ../../Source/UI/AudioThumbnailComponent.cpp;
			sourceTree = "SOURCE_ROOT";
		};
		91CF6FD5BF93A7446CEC3E23 = {
			isa = PBXFileReference;
			lastKnownFileType = sourcecode.cpp.cpp;
			name = MetronomeComponent.cpp;
			path = ../../Source/Audio/MetronomeComponent.cpp;
			sourceTree = "SOURCE_ROOT";
		};
		92C2522DE81B973050464571 = {
			isa = PBXFileReference;
			lastKnownFileType = sourcecode.c.h;
			name = UIEngine.h;
			path = ../../Source/UI/UIEngine.h;
			sourceTree = "SOURCE_ROOT";
		};
		94EB06DA6FEC0752E7EBB04D = {
			isa = PBXFileReference;
			lastKnownFileType = image.png;
			name = "074-folder.png";
			path = "../../Icons/074-folder.png";
			sourceTree = "SOURCE_ROOT";
		};
		9543F2D5FFF816E6E405ADAF = {
			isa = PBXFileReference;
			lastKnownFileType = image.png;
			name = "081-loop.png";
			path = "../../Icons/081-loop.png";
			sourceTree = "SOURCE_ROOT";
		};
		957E77C98B8DF02CC1A81A62 = {
			isa = PBXFileReference;
			lastKnownFileType = file;
			name = "juce_dsp";
			path = "../../SDKs/JUCE/modules/juce_dsp";
			sourceTree = "SOURCE_ROOT";
		};
		96686514775C56ABF5E9BC0F = {
			isa = PBXFileReference;
			lastKnownFileType = sourcecode.cpp.cpp;
			name = "include_tracktion_engine_playback.cpp";
			path = "../../JuceLibraryCode/include_tracktion_engine_playback.cpp";
			sourceTree = "SOURCE_ROOT";
		};
		98EB06E583F59AB44F51C988 = {
			isa = PBXFileReference;
			lastKnownFileType = sourcecode.c.h;
			name = JuceHeader.h;
			path = ../../JuceLibraryCode/JuceHeader.h;
			sourceTree = "SOURCE_ROOT";
		};
		9EB3794B91CF11E08A8A435B = {
			isa = PBXFileReference;
			lastKnownFileType = image.png;
			name = "052-equalizer.png";
			path = "../../Icons/052-equalizer.png";
			sourceTree = "SOURCE_ROOT";
		};
		9F064E954D801E2AFB776256 = {
			isa = PBXFileReference;
			lastKnownFileType = sourcecode.cpp.cpp;
			name = LoadingDialog.cpp;
			path = ../../Source/UI/LoadingDialog.cpp;
			sourceTree = "SOURCE_ROOT";
		};
		A39A885AC6BFFF8057132947 = {
			isa = PBXFileReference;
			lastKnownFileType = sourcecode.c.h;
			name = NewProjectDialog.h;
			path = ../../Source/UI/NewProjectDialog.h;
			sourceTree = "SOURCE_ROOT";
		};
		A3C088369B76F62BD50C7F5E = {
			isa = PBXFileReference;
			lastKnownFileType = sourcecode.c.h;
			name = TreeComponent.h;
			path = ../../Source/UI/TreeComponent.h;
			sourceTree = "SOURCE_ROOT";
		};
		A4380E6E8EB80F4D44109815 = {
			isa = PBXFileReference;
			lastKnownFileType = image.png;
			name = "061-cymbal.png";
			path = "../../Icons/061-cymbal.png";
			sourceTree = "SOURCE_ROOT";
		};
		A559536E6AB8C82FEA6D7263 = {
			isa = PBXFileReference;
			lastKnownFileType = file;
			name = "juce_graphics";
			path = "../../SDKs/JUCE/modules/juce_graphics";
			sourceTree = "SOURCE_ROOT";
		};
		A6644C7E9A0B0333C76DC271 = {
			isa = PBXFileReference;
			lastKnownFileType = sourcecode.c.h;
			name = UiHelper.h;
			path = ../../Source/UI/UiHelper.h;
			sourceTree = "SOURCE_ROOT";
		};
		A6F4A9C668C295A09770060B = {
			isa = PBXFileReference;
			lastKnownFileType = sourcecode.cpp.cpp;
			name = BinaryData.cpp;
			path = ../../JuceLibraryCode/BinaryData.cpp;
			sourceTree = "SOURCE_ROOT";
		};
		A75E7650E354F8FF8BAF4F5C = {
			isa = PBXFileReference;
			lastKnownFileType = image.png;
			name = "013-stop.png";
			path = "../../Icons/013-stop.png";
			sourceTree = "SOURCE_ROOT";
		};
		A97337B2567A188CD0909F46 = {
			isa = PBXFileReference;
			lastKnownFileType = image.png;
			name = "057-drumsticks.png";
			path = "../../Icons/057-drumsticks.png";
			sourceTree = "SOURCE_ROOT";
		};
		A9B379CE6DD2F03DC8AD8DFC = {
			isa = PBXFileReference;
			lastKnownFileType = file;
			name = "juce_gui_extra";
			path = "../../SDKs/JUCE/modules/juce_gui_extra";
			sourceTree = "SOURCE_ROOT";
		};
		AA2C947F1A67C29F05D320BD = {
			isa = PBXFileReference;
			lastKnownFileType = image.png;
			name = "073-jack-connector-1.png";
			path = "../../Icons/073-jack-connector-1.png";
			sourceTree = "SOURCE_ROOT";
		};
		AA48D1FBA6AC31A36F9BB55D = {
			isa = PBXFileReference;
			lastKnownFileType = sourcecode.cpp.objcpp;
			name = "include_juce_graphics.mm";
			path = "../../JuceLibraryCode/include_juce_graphics.mm";
			sourceTree = "SOURCE_ROOT";
		};
		AAF79D240D387CA076168C47 = {
			isa = PBXFileReference;
			lastKnownFileType = sourcecode.c.h;
			name = AudioTrackThumbnail.h;
			path = ../../Source/UI/AudioTrackThumbnail.h;
			sourceTree = "SOURCE_ROOT";
		};
		AB49A09BB352509153CD98A1 = {
			isa = PBXFileReference;
			lastKnownFileType = sourcecode.c.h;
			name = AudioSettings.h;
			path = ../../Source/UI/AudioSettings.h;
			sourceTree = "SOURCE_ROOT";
		};
		B02BAECC24D59DE3A67372FD = {
			isa = PBXFileReference;
			lastKnownFileType = sourcecode.cpp.cpp;
			name = "include_tracktion_engine_model_2.cpp";
			path = "../../JuceLibraryCode/include_tracktion_engine_model_2.cpp";
			sourceTree = "SOURCE_ROOT";
		};
		B06A2AA9DED82928E62501AB = {
			isa = PBXFileReference;
			lastKnownFileType = image.png;
			name = "036-music-stand.png";
			path = "../../Icons/036-music-stand.png";
			sourceTree = "SOURCE_ROOT";
		};
		B12AC92EBAE9A6DB42136557 = {
			isa = PBXFileReference;
			lastKnownFileType = file;
			name = "tracktion_engine";
			path = "../../SDKs/tracktion_engine";
			sourceTree = "SOURCE_ROOT";
		};
		B1BAF74F6BC2838F439C88F3 = {
			isa = PBXFileReference;
			lastKnownFileType = sourcecode.cpp.cpp;
			name = PlayButton.cpp;
			path = ../../Source/UI/PlayButton.cpp;
			sourceTree = "SOURCE_ROOT";
		};
		B232EAB552E8C795AD6BE936 = {
			isa = PBXFileReference;
			lastKnownFileType = sourcecode.cpp.cpp;
			name = "include_tracktion_engine_model_1.cpp";
			path = "../../JuceLibraryCode/include_tracktion_engine_model_1.cpp";
			sourceTree = "SOURCE_ROOT";
		};
		B58AC487B9F6D24469B1A207 = {
			isa = PBXFileReference;
			lastKnownFileType = image.png;
			name = "044-maracas.png";
			path = "../../Icons/044-maracas.png";
			sourceTree = "SOURCE_ROOT";
		};
		B6512EFF8FD06A8F40F11276 = {
			isa = PBXFileReference;
			lastKnownFileType = sourcecode.c.h;
			name = FXInsertComponent.h;
			path = ../../Source/UI/FXInsertComponent.h;
			sourceTree = "SOURCE_ROOT";
		};
		B69E15DEDEE06333BF06673A = {
			isa = PBXFileReference;
			lastKnownFileType = image.png;
			name = "070-banjo.png";
			path = "../../Icons/070-banjo.png";
			sourceTree = "SOURCE_ROOT";
		};
		B9C0C9CB46195708688AA84D = {
			isa = PBXFileReference;
			lastKnownFileType = sourcecode.cpp.cpp;
			name = MenuComponent.cpp;
			path = ../../Source/UI/Menu/MenuComponent.cpp;
			sourceTree = "SOURCE_ROOT";
		};
		BAD7CE0FCB19E6D9042B1038 = {
			isa = PBXFileReference;
			lastKnownFileType = image.png;
			name = "011-treble-clef.png";
			path = "../../Icons/011-treble-clef.png";
			sourceTree = "SOURCE_ROOT";
		};
		BBF73768DC1956309B52149F = {
			isa = PBXFileReference;
			lastKnownFileType = image.png;
			name = "010-triangle.png";
			path = "../../Icons/010-triangle.png";
			sourceTree = "SOURCE_ROOT";
		};
		BE9522B415D5F98CAB91DD46 = {
			isa = PBXFileReference;
			lastKnownFileType = sourcecode.cpp.cpp;
			name = NewProjectDialog.cpp;
			path = ../../Source/UI/NewProjectDialog.cpp;
			sourceTree = "SOURCE_ROOT";
		};
		BE979180F3FA3DA5752479FC = {
			isa = PBXFileReference;
			lastKnownFileType = sourcecode.cpp.cpp;
			name = MixerChannelComponent.cpp;
			path = ../../Source/UI/MixerChannelComponent.cpp;
			sourceTree = "SOURCE_ROOT";
		};
		BF02A7B396C37F1305D30814 = {
			isa = PBXFileReference;
			lastKnownFileType = wrapper.framework;
			name = CoreGraphics.framework;
			path = System/Library/Frameworks/CoreGraphics.framework;
			sourceTree = SDKROOT;
		};
		BF9DD8F29D9C1F92751E4897 = {
			isa = PBXFileReference;
			lastKnownFileType = sourcecode.c.h;
			name = MainComponent.h;
			path = ../../Source/Main/MainComponent.h;
			sourceTree = "SOURCE_ROOT";
		};
		C05897EBABF6460DEE5A8304 = {
			isa = PBXFileReference;
			lastKnownFileType = image.png;
			name = "008-tuning-fork.png";
			path = "../../Icons/008-tuning-fork.png";
			sourceTree = "SOURCE_ROOT";
		};
		C0E6ACA7378FD160333D405A = {
			isa = PBXFileReference;
			lastKnownFileType = file;
			name = "juce_osc";
			path = "../../SDKs/JUCE/modules/juce_osc";
			sourceTree = "SOURCE_ROOT";
		};
		C48B89379360288AF3303B05 = {
			isa = PBXFileReference;
			lastKnownFileType = sourcecode.c.h;
			name = AudioThumbnailComponent.h;
			path = ../../Source/UI/AudioThumbnailComponent.h;
			sourceTree = "SOURCE_ROOT";
		};
		C4C5299B4DEEFE079A6C773F = {
			isa = PBXFileReference;
			lastKnownFileType = image.png;
			name = "005-violin.png";
			path = "../../Icons/005-violin.png";
			sourceTree = "SOURCE_ROOT";
		};
		C50BD0B7C2B3CA98B98622F2 = {
			isa = PBXFileReference;
			lastKnownFileType = sourcecode.cpp.cpp;
			name = PlayHeadComponent.cpp;
			path = ../../Source/UI/PlayHeadComponent.cpp;
			sourceTree = "SOURCE_ROOT";
		};
		C8B742DB6A3D6EE4F55FA693 = {
			isa = PBXFileReference;
			lastKnownFileType = image.png;
			name = "077-earphones-3.png";
			path = "../../Icons/077-earphones-3.png";
			sourceTree = "SOURCE_ROOT";
		};
		CA3AF78CA2FBAF28658484E6 = {
			isa = PBXFileReference;
			lastKnownFileType = image.png;
			name = "075-audio-file.png";
			path = "../../Icons/075-audio-file.png";
			sourceTree = "SOURCE_ROOT";
		};
		CA84E3A43B899FD163E3188F = {
			isa = PBXFileReference;
			lastKnownFileType = image.png;
			name = "069-musical-note.png";
			path = "../../Icons/069-musical-note.png";
			sourceTree = "SOURCE_ROOT";
		};
		CAA150675FFD7E231F75EFDD = {
			isa = PBXFileReference;
			lastKnownFileType = sourcecode.cpp.cpp;
			name = ChannelWindow.cpp;
			path = ../../Source/UI/ChannelWindow.cpp;
			sourceTree = "SOURCE_ROOT";
		};
		CB362B1A904563E89E38199A = {
			isa = PBXFileReference;
			lastKnownFileType = image.png;
			name = "003-volume-3.png";
			path = "../../Icons/003-volume-3.png";
			sourceTree = "SOURCE_ROOT";
		};
		CC7047A618751A35E2E9E476 = {
			isa = PBXFileReference;
			lastKnownFileType = sourcecode.cpp.objcpp;
			name = "include_juce_gui_extra.mm";
			path = "../../JuceLibraryCode/include_juce_gui_extra.mm";
			sourceTree = "SOURCE_ROOT";
		};
		CD0BB7DF8AB88333715ECEDE = {
			isa = PBXFileReference;
			lastKnownFileType = image.png;
			name = "016-shaker.png";
			path = "../../Icons/016-shaker.png";
			sourceTree = "SOURCE_ROOT";
		};
		CE220CB2BA1B9CFE5D4C544A = {
			isa = PBXFileReference;
			lastKnownFileType = image.png;
			name = "029-piano.png";
			path = "../../Icons/029-piano.png";
			sourceTree = "SOURCE_ROOT";
		};
		CEE846E6207FA83E1C5BB7C6 = {
			isa = PBXFileReference;
			lastKnownFileType = image.png;
			name = "048-headphones.png";
			path = "../../Icons/048-headphones.png";
			sourceTree = "SOURCE_ROOT";
		};
		D46C966CD1E7367544EC2864 = {
			isa = PBXFileReference;
			lastKnownFileType = wrapper.framework;
			name = CoreAudio.framework;
			path = System/Library/Frameworks/CoreAudio.framework;
			sourceTree = SDKROOT;
		};
		D48F041821CF70A7979938F6 = {
			isa = PBXFileReference;
			lastKnownFileType = file;
			name = "juce_analytics";
			path = "../../SDKs/JUCE/modules/juce_analytics";
			sourceTree = "SOURCE_ROOT";
		};
		D5A493B320C91EE9EF297D3F = {
			isa = PBXFileReference;
			lastKnownFileType = sourcecode.cpp.cpp;
			name = "include_tracktion_engine_airwindows.cpp";
			path = "../../JuceLibraryCode/include_tracktion_engine_airwindows.cpp";
			sourceTree = "SOURCE_ROOT";
		};
		D5E5143067D9C5B8D64041AB = {
			isa = PBXFileReference;
			lastKnownFileType = image.png;
			name = "067-boombox.png";
			path = "../../Icons/067-boombox.png";
			sourceTree = "SOURCE_ROOT";
		};
		D608ADD6FC04F7C0541D670C = {
			isa = PBXFileReference;
			lastKnownFileType = wrapper.framework;
			name = CoreMIDI.framework;
			path = System/Library/Frameworks/CoreMIDI.framework;
			sourceTree = SDKROOT;
		};
		D6CA3A66AB0D540FD947DE21 = {
			isa = PBXFileReference;
			lastKnownFileType = file;
			name = "juce_audio_utils";
			path = "../../SDKs/JUCE/modules/juce_audio_utils";
			sourceTree = "SOURCE_ROOT";
		};
		D862948E17D52B3842AC8F91 = {
			isa = PBXFileReference;
			lastKnownFileType = sourcecode.cpp.cpp;
			name = MainComponent.cpp;
			path = ../../Source/Main/MainComponent.cpp;
			sourceTree = "SOURCE_ROOT";
		};
		D9157F93BA5B7F92504D0345 = {
			isa = PBXFileReference;
			lastKnownFileType = sourcecode.c.h;
			name = ImageBinary.h;
			path = ../../Source/UI/ImageBinary.h;
			sourceTree = "SOURCE_ROOT";
		};
		D9AEDD103334DB4CFE97C74C = {
			isa = PBXFileReference;
			lastKnownFileType = sourcecode.cpp.cpp;
			name = FXInsertComponent.cpp;
			path = ../../Source/UI/FXInsertComponent.cpp;
			sourceTree = "SOURCE_ROOT";
		};
		DA74472C05559B2FE91935CD = {
			isa = PBXFileReference;
			lastKnownFileType = image.png;
			name = "002-volume-4.png";
			path = "../../Icons/002-volume-4.png";
			sourceTree = "SOURCE_ROOT";
		};
		DB731106C7A3C203944ABCBD = {
			isa = PBXFileReference;
			lastKnownFileType = wrapper.framework;
			name = Accelerate.framework;
			path = System/Library/Frameworks/Accelerate.framework;
			sourceTree = SDKROOT;
		};
		DEFF40BE76D2840D7BC735CE = {
			isa = PBXFileReference;
			lastKnownFileType = file.storyboard;
			name = LaunchScreen.storyboard;
			path = LaunchScreen.storyboard;
			sourceTree = "SOURCE_ROOT";
		};
		E2DF60364CB5E21181C98432 = {
			isa = PBXFileReference;
			lastKnownFileType = sourcecode.c.h;
			name = GridComponent.h;
			path = ../../Source/UI/GridComponent.h;
			sourceTree = "SOURCE_ROOT";
		};
		E358F3F6A0E3C6686AF92429 = {
			isa = PBXFileReference;
			lastKnownFileType = image.png;
			name = "060-volume.png";
			path = "../../Icons/060-volume.png";
			sourceTree = "SOURCE_ROOT";
		};
		E36D49ED8AF5FE3FE75B959D = {
			isa = PBXFileReference;
			lastKnownFileType = sourcecode.cpp.cpp;
			name = "include_juce_osc.cpp";
			path = "../../JuceLibraryCode/include_juce_osc.cpp";
			sourceTree = "SOURCE_ROOT";
		};
		E561380D77A7256DEAE6E94A = {
			isa = PBXFileReference;
			lastKnownFileType = sourcecode.cpp.objcpp;
			name = "include_juce_audio_processors.mm";
			path = "../../JuceLibraryCode/include_juce_audio_processors.mm";
			sourceTree = "SOURCE_ROOT";
		};
		E5B85D90943754E038DA9586 = {
			isa = PBXFileReference;
			lastKnownFileType = image.png;
			name = "045-earphones-6.png";
			path = "../../Icons/045-earphones-6.png";
			sourceTree = "SOURCE_ROOT";
		};
		E66FB7D55AEADBBB2A8FD9F3 = {
			isa = PBXFileReference;
			lastKnownFileType = image.png;
			name = "026-musical-note-2.png";
			path = "../../Icons/026-musical-note-2.png";
			sourceTree = "SOURCE_ROOT";
		};
		E6CFB24F9FE50BFBE62EBDED = {
			isa = PBXFileReference;
			lastKnownFileType = sourcecode.cpp.cpp;
			name = AudioTrackThumbnail.cpp;
			path = ../../Source/UI/AudioTrackThumbnail.cpp;
			sourceTree = "SOURCE_ROOT";
		};
		E8247186DF48DBD641381252 = {
			isa = PBXFileReference;
			lastKnownFileType = image.png;
			name = "053-electric-guitar.png";
			path = "../../Icons/053-electric-guitar.png";
			sourceTree = "SOURCE_ROOT";
		};
		EADE48800EDE917F92B294C1 = {
			isa = PBXFileReference;
			lastKnownFileType = sourcecode.cpp.cpp;
			name = ToolbarComponent.cpp;
			path = ../../Source/UI/ToolbarComponent.cpp;
			sourceTree = "SOURCE_ROOT";
		};
		EBE1AC7A4CB26693BFFD1B06 = {
			isa = PBXFileReference;
			lastKnownFileType = image.png;
			name = "007-turntable.png";
			path = "../../Icons/007-turntable.png";
			sourceTree = "SOURCE_ROOT";
		};
		EC31598231D93EC39CDF262B = {
			isa = PBXFileReference;
			lastKnownFileType = image.png;
			name = "023-record.png";
			path = "../../Icons/023-record.png";
			sourceTree = "SOURCE_ROOT";
		};
		ECC04AB14EC2CBD557FAF654 = {
			isa = PBXFileReference;
			lastKnownFileType = text.plist.xml;
			name = "Info-App.plist";
			path = "Info-App.plist";
			sourceTree = "SOURCE_ROOT";
		};
		ECF2A09CA3C0DCD7AB3173C0 = {
			isa = PBXFileReference;
			lastKnownFileType = image.png;
			name = "063-cloud-computing.png";
			path = "../../Icons/063-cloud-computing.png";
			sourceTree = "SOURCE_ROOT";
		};
		EDB8F7B2B9AA272EB367E8EE = {
			isa = PBXFileReference;
			lastKnownFileType = sourcecode.cpp.cpp;
			name = AudioThumbnailWindow.cpp;
			path = ../../Source/UI/AudioThumbnailWindow.cpp;
			sourceTree = "SOURCE_ROOT";
		};
		EF8F3D95DCD99737FBEDCF1D = {
			isa = PBXFileReference;
			lastKnownFileType = file;
			name = "juce_events";
			path = "../../SDKs/JUCE/modules/juce_events";
			sourceTree = "SOURCE_ROOT";
		};
		F31C1B6809C36A21D77BEBED = {
			isa = PBXFileReference;
			lastKnownFileType = image.png;
			name = "054-eject.png";
			path = "../../Icons/054-eject.png";
			sourceTree = "SOURCE_ROOT";
		};
		F782FFADC12029070A187AB5 = {
			isa = PBXFileReference;
			lastKnownFileType = image.png;
			name = "019-earphones-7.png";
			path = "../../Icons/019-earphones-7.png";
			sourceTree = "SOURCE_ROOT";
		};
		F7DAE6C7A772A46B6277EEA8 = {
			isa = PBXFileReference;
			lastKnownFileType = image.png;
			name = "015-wave.png";
			path = "../../Icons/015-wave.png";
			sourceTree = "SOURCE_ROOT";
		};
		F7DC37B6DDBE89478D4421AB = {
			isa = PBXFileReference;
			lastKnownFileType = image.png;
			name = "046-ipod.png";
			path = "../../Icons/046-ipod.png";
			sourceTree = "SOURCE_ROOT";
		};
		F817BAD9698BFF92DD7064BD = {
			isa = PBXFileReference;
			lastKnownFileType = sourcecode.cpp.cpp;
			name = MetronomeGuiComponent.cpp;
			path = ../../Source/UI/MetronomeGuiComponent.cpp;
			sourceTree = "SOURCE_ROOT";
		};
		FB774F7C644876D19D9C969E = {
			isa = PBXFileReference;
			lastKnownFileType = image.png;
			name = "056-earphones-5.png";
			path = "../../Icons/056-earphones-5.png";
			sourceTree = "SOURCE_ROOT";
		};
		FCDCB5CDF6CFB6ADC1EAF500 = {
			isa = PBXFileReference;
			lastKnownFileType = image.png;
			name = "024-radio.png";
			path = "../../Icons/024-radio.png";
			sourceTree = "SOURCE_ROOT";
		};
		FCFEE3038C4CFC6207A4A7FE = {
			isa = PBXFileReference;
			lastKnownFileType = sourcecode.c.h;
			name = MixerChannelComponent.h;
			path = ../../Source/UI/MixerChannelComponent.h;
			sourceTree = "SOURCE_ROOT";
		};
		FEAA120694DCFF1389BC1F5D = {
			isa = PBXFileReference;
			lastKnownFileType = image.png;
			name = "017-musical-note-4.png";
			path = "../../Icons/017-musical-note-4.png";
			sourceTree = "SOURCE_ROOT";
		};
		47D28C2ABC619DC0CA372867 = {
			isa = PBXGroup;
			children = (
				8F521102B187EBBF6CF94D83,
				DA74472C05559B2FE91935CD,
				CB362B1A904563E89E38199A,
				0742AAA8454EE2C1DDC41E62,
				C4C5299B4DEEFE079A6C773F,
				0683BFD510E4C75CF1D8C94F,
				EBE1AC7A4CB26693BFFD1B06,
				C05897EBABF6460DEE5A8304,
				0AAC29831B45B4FDBCF840E4,
				BBF73768DC1956309B52149F,
				BAD7CE0FCB19E6D9042B1038,
				12825060FB038FECB9F6922E,
				A75E7650E354F8FF8BAF4F5C,
				26ED6C27E0DE87DA7D0BF6DC,
				F7DAE6C7A772A46B6277EEA8,
				CD0BB7DF8AB88333715ECEDE,
				FEAA120694DCFF1389BC1F5D,
				8CDA72E8982442A8EB7C2561,
				F782FFADC12029070A187AB5,
				6E1675838CF606675F555D33,
				1C97DBB5CB7516768A2E9706,
				19F44B031DA73D8B8507F6D1,
				EC31598231D93EC39CDF262B,
				FCDCB5CDF6CFB6ADC1EAF500,
				8CBBDBB09F211EE5C72276C5,
				E66FB7D55AEADBBB2A8FD9F3,
				11284BEA5FBD562BC9DE0B0B,
				CE220CB2BA1B9CFE5D4C544A,
				6A71ED84E64E1E84EDD3F591,
				021A812BD0294C5B8F34ADC9,
				57894D2555BF051450CBBDBF,
				720C816084D5294D2F9D2897,
				4E891D2496AB3F2F8F9187B8,
				B06A2AA9DED82928E62501AB,
				1668E810FE35CECCFC34CB11,
				7BEF92E4358C365B48D1C113,
				3A708A687744A6201DABF779,
				2C3B2FECB05022FB39950D7E,
				7B0EEFC39AC544D9A7AC9092,
				017F4393B91BEF66FBAB2795,
				567F22C0F6B4A86C980BF6B2,
				B58AC487B9F6D24469B1A207,
				E5B85D90943754E038DA9586,
				F7DC37B6DDBE89478D4421AB,
				5BC6658DFD6C407C547CF32E,
				CEE846E6207FA83E1C5BB7C6,
				1A9D5B60530940041115BD4E,
				895CC0BCF246E85E3B158787,
				1ED6F839490EC31E413EC45A,
				9EB3794B91CF11E08A8A435B,
				E8247186DF48DBD641381252,
				F31C1B6809C36A21D77BEBED,
				50E1147146C50873DD047972,
				FB774F7C644876D19D9C969E,
				A97337B2567A188CD0909F46,
				1B25C9076B17823F22F219FE,
				5496592D1BD96256B3D969A3,
				E358F3F6A0E3C6686AF92429,
				A4380E6E8EB80F4D44109815,
				1C8A94A7D4937ECC541E6BE8,
				ECF2A09CA3C0DCD7AB3173C0,
				58C2A6AC08F7BD753EDD701C,
				1DC33846CD10BC86A776B29E,
				225D654866921CCF7FB7171E,
				D5E5143067D9C5B8D64041AB,
				0FED1A392BC6002732569213,
				CA84E3A43B899FD163E3188F,
				B69E15DEDEE06333BF06673A,
				2C641077717B19B8ADA7DFF3,
				AA2C947F1A67C29F05D320BD,
				94EB06DA6FEC0752E7EBB04D,
				CA3AF78CA2FBAF28658484E6,
				396E994B7D14E6F1220F8F8A,
				C8B742DB6A3D6EE4F55FA693,
				0DB0C69F395E2C6E7A0E19EC,
				7EC415271025851F622F42AC,
				49471744AA7CA005420CE90A,
				9543F2D5FFF816E6E405ADAF,
			);
			name = Icons;
			sourceTree = "<group>";
		};
		B7F8DBF7643D8AEE2089DC3F = {
			isa = PBXGroup;
			children = (
				4B09B7E111E25B8CBF72892F,
				78DFAE69AEE93C0792BAD5F6,
				638F1731C8E76A570762ED5C,
			);
			name = Images;
			sourceTree = "<group>";
		};
		FBBB7B4F39FE926A5C6A157B = {
			isa = PBXGroup;
			children = (
				59B434AB9F502A9B005EF393,
				57975CAAD2F21F1D1A54B547,
				91CF6FD5BF93A7446CEC3E23,
				22BB74C8928340C1A6379B3A,
			);
			name = Audio;
			sourceTree = "<group>";
		};
		DF7206C159323FA94626A84E = {
			isa = PBXGroup;
			children = (
				105ABD0028F56694BC94450A,
				42A64133A627F7ECF59E97B3,
				32BA4545DE2CA47BB3FCF0D7,
				D862948E17D52B3842AC8F91,
				BF9DD8F29D9C1F92751E4897,
			);
			name = Main;
			sourceTree = "<group>";
		};
		15B8093EF3A4F42291D21032 = {
			isa = PBXGroup;
			children = (
				B9C0C9CB46195708688AA84D,
				38E543415C6872055F00BD6E,
			);
			name = Menu;
			sourceTree = "<group>";
		};
		E8233CDB97D1D14EA5036062 = {
			isa = PBXGroup;
			children = (
				354ACE04D1F7BDDA7EF9CE63,
				92C2522DE81B973050464571,
			);
			name = Engine;
			sourceTree = "<group>";
		};
		457838580880741E33CA3B62 = {
			isa = PBXGroup;
			children = (
				F817BAD9698BFF92DD7064BD,
				4BCCBA58FF7878BA3F907547,
				EADE48800EDE917F92B294C1,
				6011AB3CE573029863477115,
			);
			name = Toolbar;
			sourceTree = "<group>";
		};
		01FAA5A371DA9175BB96E68D = {
			isa = PBXGroup;
			children = (
				9F064E954D801E2AFB776256,
				7E583FEEBEDBB9610625E696,
				BE9522B415D5F98CAB91DD46,
				A39A885AC6BFFF8057132947,
			);
			name = Dialogs;
			sourceTree = "<group>";
		};
		5D78397331AF6E79F2E0B2CF = {
			isa = PBXGroup;
			children = (
				E6CFB24F9FE50BFBE62EBDED,
				AAF79D240D387CA076168C47,
				C50BD0B7C2B3CA98B98622F2,
				6809B3B1C56DCC879464F55A,
				EDB8F7B2B9AA272EB367E8EE,
				5314BAEF01A022DF46FE2754,
				91BF8862DABDD394ED111B86,
				C48B89379360288AF3303B05,
				35983DDB82DE1D8049853409,
				526757297C07D19E2CF95214,
				CAA150675FFD7E231F75EFDD,
				5188524FC0B022AC8C87ADC6,
				32811931F61AD90C19575E00,
				E2DF60364CB5E21181C98432,
			);
			name = Grid;
			sourceTree = "<group>";
		};
		26E32E45E879AC4F3DC2CEE8 = {
			isa = PBXGroup;
			children = (
				A6644C7E9A0B0333C76DC271,
				42ED1AEB5E41AAF2D7059933,
				A3C088369B76F62BD50C7F5E,
				D9157F93BA5B7F92504D0345,
				2364728D1F1151C6AC62722E,
			);
			name = Helpers;
			sourceTree = "<group>";
		};
		4DE5E8FA23AD8CAE247D11F4 = {
			isa = PBXGroup;
			children = (
				15B8093EF3A4F42291D21032,
				E8233CDB97D1D14EA5036062,
				457838580880741E33CA3B62,
				01FAA5A371DA9175BB96E68D,
				5D78397331AF6E79F2E0B2CF,
				26E32E45E879AC4F3DC2CEE8,
				502CA6D766997116DAAC226F,
				25FEB70082D7EB7A5C9F5315,
				24E496B6C363EBB849F32C5D,
				7434FE295314F50AEE4B4490,
				AB49A09BB352509153CD98A1,
				D9AEDD103334DB4CFE97C74C,
				B6512EFF8FD06A8F40F11276,
				BE979180F3FA3DA5752479FC,
				FCFEE3038C4CFC6207A4A7FE,
				B1BAF74F6BC2838F439C88F3,
				7BDCDCB0D0035F221EBAD778,
			);
			name = UI;
			sourceTree = "<group>";
		};
		45315FCAE9E8C6803F26E203 = {
			isa = PBXGroup;
			children = (
				FBBB7B4F39FE926A5C6A157B,
				DF7206C159323FA94626A84E,
				4DE5E8FA23AD8CAE247D11F4,
			);
			name = Source;
			sourceTree = "<group>";
		};
		8CE1082E60FC0BB9B268C3B7 = {
			isa = PBXGroup;
			children = (
				47D28C2ABC619DC0CA372867,
				B7F8DBF7643D8AEE2089DC3F,
				45315FCAE9E8C6803F26E203,
			);
			name = "Final Project";
			sourceTree = "<group>";
		};
		8BA939A7A0866BBBDEDA9D1B = {
			isa = PBXGroup;
			children = (
				D48F041821CF70A7979938F6,
				74A105318226AFE204EF79B8,
				456341B678CC0DC8AB360180,
				784C82FD4924DFDA3AE436C8,
				74BD2AF2A465EAD40C5EE71E,
				D6CA3A66AB0D540FD947DE21,
				1A05B25EB124249E1088DB3E,
				8400EBC03882617E41E4CADE,
				957E77C98B8DF02CC1A81A62,
				EF8F3D95DCD99737FBEDCF1D,
				A559536E6AB8C82FEA6D7263,
				1239FCD687A01E60F5E62E79,
				A9B379CE6DD2F03DC8AD8DFC,
				C0E6ACA7378FD160333D405A,
				B12AC92EBAE9A6DB42136557,
			);
			name = "JUCE Modules";
			sourceTree = "<group>";
		};
		F7754F5656A3D63DB7B02E00 = {
			isa = PBXGroup;
			children = (
				579413471F84033068C8D6B7,
				A6F4A9C668C295A09770060B,
				5AAC7BFDFD34E20DCD5F5E62,
				19E052BECBFFF25254693429,
				8004A4C50FE38EEC6467ADB0,
				1C83072D9B05210D09A61657,
				51BE02C0E428DF4C32109016,
				E561380D77A7256DEAE6E94A,
				15F36BAF43E01E40E451E338,
				3EAE597149DF4B14790708FB,
				6EAEA31150DBF19D719C5985,
				34F4DC22C62BBE30FF3250E6,
				77FA1C5E12B264CF311FD820,
				AA48D1FBA6AC31A36F9BB55D,
				8B0FE1B94AB00EBF5F98F85E,
				CC7047A618751A35E2E9E476,
				E36D49ED8AF5FE3FE75B959D,
				D5A493B320C91EE9EF297D3F,
				0A70EBCA69367FB304E28040,
				B232EAB552E8C795AD6BE936,
				B02BAECC24D59DE3A67372FD,
				96686514775C56ABF5E9BC0F,
				19A4AAD73DB2F851C167487F,
				8D15BB967B314116BF7E15AD,
				0196462D74D4884FA5EFEF4D,
				98EB06E583F59AB44F51C988,
			);
			name = "JUCE Library Code";
			sourceTree = "<group>";
		};
		9D16442F7FC22064C402D898 = {
			isa = PBXGroup;
			children = (
				ECC04AB14EC2CBD557FAF654,
				7C2CE6E72521E026F595EE04,
				DEFF40BE76D2840D7BC735CE,
			);
			name = Resources;
			sourceTree = "<group>";
		};
		6F9665E04D2610C1EC7E9057 = {
			isa = PBXGroup;
			children = (
				DB731106C7A3C203944ABCBD,
				6234B1725E8E683C88C09F26,
				01C5B885B95118BEAFC661D9,
				D46C966CD1E7367544EC2864,
				8951B2E8BA2387C5D5990FEF,
				BF02A7B396C37F1305D30814,
				6B8DA1B1D1D295FADAFD6255,
				D608ADD6FC04F7C0541D670C,
				303FD3750D64077EEC01F0A0,
				8CCCBB73A8FCB015F8022D22,
				0B0BEFC8EA5E8A9C7AFEB527,
				3DAB01921D63511426510FB4,
				1740EEE874D31EB3AEFE62E8,
			);
			name = Frameworks;
			sourceTree = "<group>";
		};
		3234E759885A1B3106CA302E = {
			isa = PBXGroup;
			children = (
				463DBFFF1FE0969FD62C5BC6,
			);
			name = Products;
			sourceTree = "<group>";
		};
		242D8C1BCEEFC25F132ED910 = {
			isa = PBXGroup;
			children = (
				8CE1082E60FC0BB9B268C3B7,
				8BA939A7A0866BBBDEDA9D1B,
				F7754F5656A3D63DB7B02E00,
				9D16442F7FC22064C402D898,
				6F9665E04D2610C1EC7E9057,
				3234E759885A1B3106CA302E,
			);
			name = Source;
			sourceTree = "<group>";
		};
		D9D47E1EBF331D658BCA8136 = {
			isa = XCBuildConfiguration;
			buildSettings = {
				ASSETCATALOG_COMPILER_APPICON_NAME = AppIcon;
				ASSETCATALOG_COMPILER_LAUNCHIMAGE_NAME = LaunchImage;
				CLANG_CXX_LANGUAGE_STANDARD = "c++14";
				CLANG_CXX_LIBRARY = "libc++";
				CLANG_LINK_OBJC_RUNTIME = NO;
				COMBINE_HIDPI_IMAGES = YES;
				CONFIGURATION_BUILD_DIR = "$(PROJECT_DIR)/build/$(CONFIGURATION)";
				COPY_PHASE_STRIP = NO;
				GCC_DYNAMIC_NO_PIC = NO;
				GCC_OPTIMIZATION_LEVEL = 0;
				GCC_PREPROCESSOR_DEFINITIONS = (
					"_DEBUG=1",
					"DEBUG=1",
					"JUCER_XCODE_IPHONE_5BC26AE3=1",
					"JUCE_APP_VERSION=1.0.0",
					"JUCE_APP_VERSION_HEX=0x10000",
					"JucePlugin_Build_VST=0",
					"JucePlugin_Build_VST3=0",
					"JucePlugin_Build_AU=0",
					"JucePlugin_Build_AUv3=0",
					"JucePlugin_Build_RTAS=0",
					"JucePlugin_Build_AAX=0",
					"JucePlugin_Build_Standalone=0",
					"JucePlugin_Build_Unity=0",
				);
				GCC_VERSION = com.apple.compilers.llvm.clang.1_0;
				HEADER_SEARCH_PATHS = (
					"../../JuceLibraryCode",
					"../../SDKs/JUCE/modules",
					"../../JuceLibraryCode/modules",
					"../../SDKs",
					"../../SDKs/JUCE/modules",
					"../../SDKs/tracktion_engine",
					"../../Source",
					"$(inherited)",
				);
				INFOPLIST_FILE = Info-App.plist;
				INFOPLIST_PREPROCESS = NO;
				INSTALL_PATH = "$(HOME)/Applications";
				PRODUCT_BUNDLE_IDENTIFIER = com.yourcompany.FinalProject;
				PRODUCT_NAME = "Final Project";
				USE_HEADERMAP = NO;
			};
			name = Debug;
		};
		340880C172B7D0FFDFCFB30E = {
			isa = XCBuildConfiguration;
			buildSettings = {
				ASSETCATALOG_COMPILER_APPICON_NAME = AppIcon;
				ASSETCATALOG_COMPILER_LAUNCHIMAGE_NAME = LaunchImage;
				CLANG_CXX_LANGUAGE_STANDARD = "c++14";
				CLANG_CXX_LIBRARY = "libc++";
				CLANG_LINK_OBJC_RUNTIME = NO;
				COMBINE_HIDPI_IMAGES = YES;
				CONFIGURATION_BUILD_DIR = "$(PROJECT_DIR)/build/$(CONFIGURATION)";
				DEAD_CODE_STRIPPING = YES;
				GCC_GENERATE_DEBUGGING_SYMBOLS = NO;
				GCC_OPTIMIZATION_LEVEL = 3;
				GCC_PREPROCESSOR_DEFINITIONS = (
					"_NDEBUG=1",
					"NDEBUG=1",
					"JUCER_XCODE_IPHONE_5BC26AE3=1",
					"JUCE_APP_VERSION=1.0.0",
					"JUCE_APP_VERSION_HEX=0x10000",
					"JucePlugin_Build_VST=0",
					"JucePlugin_Build_VST3=0",
					"JucePlugin_Build_AU=0",
					"JucePlugin_Build_AUv3=0",
					"JucePlugin_Build_RTAS=0",
					"JucePlugin_Build_AAX=0",
					"JucePlugin_Build_Standalone=0",
					"JucePlugin_Build_Unity=0",
				);
				GCC_SYMBOLS_PRIVATE_EXTERN = YES;
				GCC_VERSION = com.apple.compilers.llvm.clang.1_0;
				HEADER_SEARCH_PATHS = (
					"../../JuceLibraryCode",
					"../../SDKs/JUCE/modules",
					"../../JuceLibraryCode/modules",
					"../../SDKs",
					"../../SDKs/JUCE/modules",
					"../../SDKs/tracktion_engine",
					"../../Source",
					"$(inherited)",
				);
				INFOPLIST_FILE = Info-App.plist;
				INFOPLIST_PREPROCESS = NO;
				INSTALL_PATH = "$(HOME)/Applications";
				LLVM_LTO = YES;
				PRODUCT_BUNDLE_IDENTIFIER = com.yourcompany.FinalProject;
				PRODUCT_NAME = "Final Project";
				USE_HEADERMAP = NO;
			};
			name = Release;
		};
		AA584D4AF80AD9AD4FCC1F7E = {
			isa = XCBuildConfiguration;
			buildSettings = {
				"CODE_SIGN_IDENTITY[sdk=iphoneos*]" = "iPhone Developer";
				ALWAYS_SEARCH_USER_PATHS = NO;
				CLANG_ENABLE_OBJC_WEAK = YES;
				CLANG_WARN_BLOCK_CAPTURE_AUTORELEASING = YES;
				CLANG_WARN_BOOL_CONVERSION = YES;
				CLANG_WARN_COMMA = YES;
				CLANG_WARN_CONSTANT_CONVERSION = YES;
				CLANG_WARN_DEPRECATED_OBJC_IMPLEMENTATIONS = YES;
				CLANG_WARN_EMPTY_BODY = YES;
				CLANG_WARN_ENUM_CONVERSION = YES;
				CLANG_WARN_INFINITE_RECURSION = YES;
				CLANG_WARN_INT_CONVERSION = YES;
				CLANG_WARN_NON_LITERAL_NULL_CONVERSION = YES;
				CLANG_WARN_OBJC_IMPLICIT_RETAIN_SELF = YES;
				CLANG_WARN_OBJC_LITERAL_CONVERSION = YES;
				CLANG_WARN_RANGE_LOOP_ANALYSIS = YES;
				CLANG_WARN_STRICT_PROTOTYPES = YES;
				CLANG_WARN_SUSPICIOUS_MOVE = YES;
				CLANG_WARN_UNREACHABLE_CODE = YES;
				CLANG_WARN__DUPLICATE_METHOD_MATCH = YES;
				DEBUG_INFORMATION_FORMAT = dwarf;
				ENABLE_STRICT_OBJC_MSGSEND = YES;
				ENABLE_TESTABILITY = YES;
				GCC_C_LANGUAGE_STANDARD = c11;
				GCC_INLINES_ARE_PRIVATE_EXTERN = YES;
				GCC_MODEL_TUNING = G5;
				GCC_NO_COMMON_BLOCKS = YES;
				GCC_WARN_64_TO_32_BIT_CONVERSION = YES;
				GCC_WARN_ABOUT_RETURN_TYPE = YES;
				GCC_WARN_CHECK_SWITCH_STATEMENTS = YES;
				GCC_WARN_MISSING_PARENTHESES = YES;
				GCC_WARN_NON_VIRTUAL_DESTRUCTOR = YES;
				GCC_WARN_TYPECHECK_CALLS_TO_PRINTF = YES;
				GCC_WARN_UNDECLARED_SELECTOR = YES;
				GCC_WARN_UNINITIALIZED_AUTOS = YES;
				GCC_WARN_UNUSED_FUNCTION = YES;
				GCC_WARN_UNUSED_VARIABLE = YES;
				IPHONEOS_DEPLOYMENT_TARGET = 9.3;
				ONLY_ACTIVE_ARCH = YES;
				PRODUCT_NAME = "Final Project";
				SDKROOT = iphoneos;
				TARGETED_DEVICE_FAMILY = "1,2";
				WARNING_CFLAGS = "-Wreorder";
				ZERO_LINK = NO;
			};
			name = Debug;
		};
		B46F0F8CF6BEFC6862A9A0C5 = {
			isa = XCBuildConfiguration;
			buildSettings = {
				"CODE_SIGN_IDENTITY[sdk=iphoneos*]" = "iPhone Developer";
				ALWAYS_SEARCH_USER_PATHS = NO;
				CLANG_ENABLE_OBJC_WEAK = YES;
				CLANG_WARN_BLOCK_CAPTURE_AUTORELEASING = YES;
				CLANG_WARN_BOOL_CONVERSION = YES;
				CLANG_WARN_COMMA = YES;
				CLANG_WARN_CONSTANT_CONVERSION = YES;
				CLANG_WARN_DEPRECATED_OBJC_IMPLEMENTATIONS = YES;
				CLANG_WARN_EMPTY_BODY = YES;
				CLANG_WARN_ENUM_CONVERSION = YES;
				CLANG_WARN_INFINITE_RECURSION = YES;
				CLANG_WARN_INT_CONVERSION = YES;
				CLANG_WARN_NON_LITERAL_NULL_CONVERSION = YES;
				CLANG_WARN_OBJC_IMPLICIT_RETAIN_SELF = YES;
				CLANG_WARN_OBJC_LITERAL_CONVERSION = YES;
				CLANG_WARN_RANGE_LOOP_ANALYSIS = YES;
				CLANG_WARN_STRICT_PROTOTYPES = YES;
				CLANG_WARN_SUSPICIOUS_MOVE = YES;
				CLANG_WARN_UNREACHABLE_CODE = YES;
				CLANG_WARN__DUPLICATE_METHOD_MATCH = YES;
				DEBUG_INFORMATION_FORMAT = dwarf;
				ENABLE_STRICT_OBJC_MSGSEND = YES;
				GCC_C_LANGUAGE_STANDARD = c11;
				GCC_INLINES_ARE_PRIVATE_EXTERN = YES;
				GCC_MODEL_TUNING = G5;
				GCC_NO_COMMON_BLOCKS = YES;
				GCC_WARN_64_TO_32_BIT_CONVERSION = YES;
				GCC_WARN_ABOUT_RETURN_TYPE = YES;
				GCC_WARN_CHECK_SWITCH_STATEMENTS = YES;
				GCC_WARN_MISSING_PARENTHESES = YES;
				GCC_WARN_NON_VIRTUAL_DESTRUCTOR = YES;
				GCC_WARN_TYPECHECK_CALLS_TO_PRINTF = YES;
				GCC_WARN_UNDECLARED_SELECTOR = YES;
				GCC_WARN_UNINITIALIZED_AUTOS = YES;
				GCC_WARN_UNUSED_FUNCTION = YES;
				GCC_WARN_UNUSED_VARIABLE = YES;
				IPHONEOS_DEPLOYMENT_TARGET = 9.3;
				PRODUCT_NAME = "Final Project";
				SDKROOT = iphoneos;
				TARGETED_DEVICE_FAMILY = "1,2";
				WARNING_CFLAGS = "-Wreorder";
				ZERO_LINK = NO;
			};
			name = Release;
		};
		FDD9D0B989D9E5297217FB86 = {
			isa = PBXTargetDependency;
			target = E16963AA5989D06E6866257C;
		};
		96B9D5DF3420E1C0D1FF9F2F = {
			isa = XCConfigurationList;
			buildConfigurations = (
				AA584D4AF80AD9AD4FCC1F7E,
				B46F0F8CF6BEFC6862A9A0C5,
			);
			defaultConfigurationIsVisible = 0;
			defaultConfigurationName = Debug;
		};
		D27EF2695C83E44474C43948 = {
			isa = XCConfigurationList;
			buildConfigurations = (
				D9D47E1EBF331D658BCA8136,
				340880C172B7D0FFDFCFB30E,
			);
			defaultConfigurationIsVisible = 0;
			defaultConfigurationName = Debug;
		};
		6E0A04EF8BE14EAFFF141CAB = {
			isa = PBXResourcesBuildPhase;
			buildActionMask = 2147483647;
			files = (
				7B078CD1AAEEFAD42B828534,
				D61761391785C9AA9365798D,
			);
			runOnlyForDeploymentPostprocessing = 0;
		};
		59CAFED46941785369650134 = {
			isa = PBXSourcesBuildPhase;
			buildActionMask = 2147483647;
			files = (
				31AE5FBEDD641F92FFDF3C9B,
				650B03D93318ACC276701C34,
				A71DB4F6EE5D917B04EFC238,
				A853D9F9CD41D09F5F5BB926,
				EF29CE110EE8147D4544E7E5,
				B148714CD53BB911FC9D7980,
				B4B2B171C54FFD35104D26CB,
				82A957389C535D8E35CA9F91,
				CA7AB2AE85A82F06E5A0E150,
				9423BA0C785B7E4A1C677984,
				14166D531653B76A12F6B9EF,
				F2FF86D9B541D58B20883138,
				F5FB62BF86C3A77ED7F9CF46,
				7BA5730D84E00662D0DD8814,
				710999E353E6C998CC576C49,
				DFAEF4D5EC6BA57ACFB5B24F,
				5C1711FC727DCB0F248E2D8A,
				F73FDFC463D26C1A00D820FC,
				7EE12758D8782B402E39F66A,
				E2F0D9657EC243C1DF808991,
				73DAC9D72E2231B4BEBA9E19,
				1312CF22421D700A559ECB62,
				B6104FABD8A3D62572BCF4B8,
				11CCD4A773A715669216B586,
				EB3DC21A6127C4AFDD0C13A7,
				87011E00976DCE0DE75C4A66,
				6B4128E55EA71F6A0F639C00,
				5057F785848E8062EB8221DD,
				083A9DC3E89293D28E0785E6,
				B5D007209D751CEBCD05C3F9,
				537EF71706850B97DD51FAF8,
				9A6A8BCA67CB8AC9293B5AD1,
				3D724366D1887AFA6A6AD372,
				C87478A6374D31259E17B744,
				1A4352381A56AC89014141B4,
				F997BFA534BAD1F19BDA9EE2,
				97B5EC84144DFC362F95033F,
				824979A945345AD61A909B28,
				C405067BF0D5C4D1D21C5F7A,
				A1207987E6FBA29F6365DCE9,
				13CD154CE6543FAC7F507B9F,
				6F981993E0B3FD01ED447C15,
				877C90737D1B84AE03923353,
				712F5614A34746390BA83EF7,
				977CC543873D9CC0676DD5F4,
				11786A6E8A251AEACE184DFF,
				5BBBEEEE8FAC828BEAA137DF,
			);
			runOnlyForDeploymentPostprocessing = 0;
		};
		1D42BF181516FF90854DDCA3 = {
			isa = PBXFrameworksBuildPhase;
			buildActionMask = 2147483647;
			files = (
				C15204BA6BCD1A2BCF4F69E8,
				E16CED5966490D11437497DC,
				ADCD44EEFA9A5977A0FAA294,
				D41BE4EEFCCB91E109812CDF,
				426B1547F363BEBFE2C537C6,
				9AD152F5F01B4022D53DF595,
				88256C3B7FAEDDAED41F38EB,
				736A806297A09429EACAE753,
				34E11E4415181EDB5ABCDEEC,
				BD9DE93FBBD3C69D897D42A4,
				E24EA7B461106590BF201714,
				E459922B389A8F256FA75811,
				FC626D79A4E034A620BCCADE,
			);
			runOnlyForDeploymentPostprocessing = 0;
		};
		E16963AA5989D06E6866257C = {
			isa = PBXNativeTarget;
			buildConfigurationList = D27EF2695C83E44474C43948;
			buildPhases = (
				6E0A04EF8BE14EAFFF141CAB,
				59CAFED46941785369650134,
				1D42BF181516FF90854DDCA3,
			);
			buildRules = ( );
			dependencies = ( );
			name = "Final Project - App";
			productName = "Final Project";
			productReference = 463DBFFF1FE0969FD62C5BC6;
			productType = "com.apple.product-type.application";
		};
		889C2C72479FB23345B53F8E = {
			isa = PBXProject;
			buildConfigurationList = 96B9D5DF3420E1C0D1FF9F2F;
			attributes = { LastUpgradeCheck = 1010; ORGANIZATIONNAME = ""; TargetAttributes = { E16963AA5989D06E6866257C = { SystemCapabilities = {com.apple.ApplicationGroups.iOS = { enabled = 0; }; com.apple.InAppPurchase = { enabled = 0; }; com.apple.InterAppAudio = { enabled = 0; }; com.apple.Push = { enabled = 0; }; com.apple.Sandbox = { enabled = 0; }; com.apple.HardenedRuntime = { enabled = 0; }; }; }; }; };
			compatibilityVersion = "Xcode 3.2";
			hasScannedForEncodings = 0;
			mainGroup = 242D8C1BCEEFC25F132ED910;
			projectDirPath = "";
			projectRoot = "";
			targets = (E16963AA5989D06E6866257C);
			knownRegions = (en, Base);
		};
	};
	rootObject = 889C2C72479FB23345B53F8E;
}
